
Microsoft Visual Studio Solution File, Format Version 12.00
# Visual Studio Version 16
VisualStudioVersion = 16.0.29920.165
MinimumVisualStudioVersion = 10.0.40219.1
Project("{FAE04EC0-301F-11D3-BF4B-00C04F79EFBC}") = "SeFramework", "SeFramework\SeFramework.csproj", "{437B83A8-9D04-451C-9E9D-BC6E1CBF4BA9}"
EndProject
Global
	GlobalSection(SolutionConfigurationPlatforms) = preSolution
		Debug|Any CPU = Debug|Any CPU
		Release|Any CPU = Release|Any CPU
	EndGlobalSection
	GlobalSection(ProjectConfigurationPlatforms) = postSolution
		{437B83A8-9D04-451C-9E9D-BC6E1CBF4BA9}.Debug|Any CPU.ActiveCfg = Debug|Any CPU
		{437B83A8-9D04-451C-9E9D-BC6E1CBF4BA9}.Debug|Any CPU.Build.0 = Debug|Any CPU
		{437B83A8-9D04-451C-9E9D-BC6E1CBF4BA9}.Release|Any CPU.ActiveCfg = Release|Any CPU
		{437B83A8-9D04-451C-9E9D-BC6E1CBF4BA9}.Release|Any CPU.Build.0 = Release|Any CPU
	EndGlobalSection
	GlobalSection(SolutionProperties) = preSolution
		HideSolutionNode = FALSE
	EndGlobalSection
	GlobalSection(ExtensibilityGlobals) = postSolution
		SolutionGuid = {315314B4-902A-469A-A57F-1259EFD4A18C}
	EndGlobalSection
EndGlobal
